
Microsoft Visual Studio Solution File, Format Version 12.00
# Visual Studio Version 17
VisualStudioVersion = 17.4.33103.184
MinimumVisualStudioVersion = 10.0.40219.1
Project("{9A19103F-16F7-4668-BE54-9A1E7A4F7556}") = "PatternsForCodingQuestions", "PatternsForCodingQuestions\PatternsForCodingQuestions.csproj", "{8550F533-C5D2-482C-86D0-DD71058F72FE}"
EndProject
Global
	GlobalSection(SolutionConfigurationPlatforms) = preSolution
		Debug|Any CPU = Debug|Any CPU
		Release|Any CPU = Release|Any CPU
	EndGlobalSection
	GlobalSection(ProjectConfigurationPlatforms) = postSolution
		{8550F533-C5D2-482C-86D0-DD71058F72FE}.Debug|Any CPU.ActiveCfg = Debug|Any CPU
		{8550F533-C5D2-482C-86D0-DD71058F72FE}.Debug|Any CPU.Build.0 = Debug|Any CPU
		{8550F533-C5D2-482C-86D0-DD71058F72FE}.Release|Any CPU.ActiveCfg = Release|Any CPU
		{8550F533-C5D2-482C-86D0-DD71058F72FE}.Release|Any CPU.Build.0 = Release|Any CPU
	EndGlobalSection
	GlobalSection(SolutionProperties) = preSolution
		HideSolutionNode = FALSE
	EndGlobalSection
	GlobalSection(ExtensibilityGlobals) = postSolution
		SolutionGuid = {754AC900-18BA-4D9E-AA51-0448BCA5B875}
	EndGlobalSection
EndGlobal
